
Microsoft Visual Studio Solution File, Format Version 12.00
# Visual Studio Version 16
VisualStudioVersion = 16.0.29806.167
MinimumVisualStudioVersion = 10.0.40219.1
Project("{2150E333-8FDC-42A3-9474-1A3956D46DE8}") = "src", "src", "{C25D31E7-E2F0-4CEB-A5E6-E8DA2ABB0F74}"
EndProject
Project("{2150E333-8FDC-42A3-9474-1A3956D46DE8}") = "tests", "tests", "{287C70A5-7B29-430C-B5F5-55B529547F4D}"
EndProject
Project("{2150E333-8FDC-42A3-9474-1A3956D46DE8}") = "Domain", "Domain", "{ED13511E-A344-4D15-A9C7-800093D434B2}"
EndProject
Project("{9A19103F-16F7-4668-BE54-9A1E7A4F7556}") = "Expensely.Domain", "src\Expensely.Domain\Expensely.Domain.csproj", "{A4DE4579-21AE-453B-B9BC-F6F0FEF09788}"
EndProject
Project("{9A19103F-16F7-4668-BE54-9A1E7A4F7556}") = "Expensely.Domain.Tests", "tests\Expensely.Domain.Tests\Expensely.Domain.Tests.csproj", "{34080189-0BB1-442F-8B27-8D6EE9B93A0F}"
EndProject
Project("{2150E333-8FDC-42A3-9474-1A3956D46DE8}") = "Infrastructure", "Infrastructure", "{6E53603E-D7DD-492A-9229-5E18C9EB3655}"
EndProject
Project("{2150E333-8FDC-42A3-9474-1A3956D46DE8}") = "Application", "Application", "{2024D9FE-61A4-4A19-BFE8-18391AE85BC5}"
EndProject
Project("{2150E333-8FDC-42A3-9474-1A3956D46DE8}") = "Presentation", "Presentation", "{C5D0892E-2986-49C1-854F-D4F9C68EF6FD}"
EndProject
Project("{2150E333-8FDC-42A3-9474-1A3956D46DE8}") = "Services", "Services", "{06607D3F-A80E-4B64-9B3C-1F6A75C4B662}"
EndProject
Project("{9A19103F-16F7-4668-BE54-9A1E7A4F7556}") = "Expensely.WebApi", "src\Expensely.WebApi\Expensely.WebApi.csproj", "{C7890DF6-896D-499C-845A-811D5F4DE47B}"
EndProject
Project("{9A19103F-16F7-4668-BE54-9A1E7A4F7556}") = "Expensely.Application", "src\Expensely.Application\Expensely.Application.csproj", "{AB174A06-3E52-4FEE-B171-A18AE2E7785B}"
EndProject
Project("{9A19103F-16F7-4668-BE54-9A1E7A4F7556}") = "Expensely.Infrastructure.Persistence", "src\Expensely.Infrastructure.Persistence\Expensely.Infrastructure.Persistence.csproj", "{F0522502-0CD6-4AAC-AD78-ACC5A2F658AA}"
EndProject
Project("{2150E333-8FDC-42A3-9474-1A3956D46DE8}") = "Solution Items", "Solution Items", "{4FBAF556-646C-4BB1-A815-BEF56083DDB4}"
	ProjectSection(SolutionItems) = preProject
		.editorconfig = .editorconfig
	EndProjectSection
EndProject
Global
	GlobalSection(SolutionConfigurationPlatforms) = preSolution
		Debug|Any CPU = Debug|Any CPU
		Release|Any CPU = Release|Any CPU
	EndGlobalSection
	GlobalSection(ProjectConfigurationPlatforms) = postSolution
		{A4DE4579-21AE-453B-B9BC-F6F0FEF09788}.Debug|Any CPU.ActiveCfg = Debug|Any CPU
		{A4DE4579-21AE-453B-B9BC-F6F0FEF09788}.Debug|Any CPU.Build.0 = Debug|Any CPU
		{A4DE4579-21AE-453B-B9BC-F6F0FEF09788}.Release|Any CPU.ActiveCfg = Release|Any CPU
		{A4DE4579-21AE-453B-B9BC-F6F0FEF09788}.Release|Any CPU.Build.0 = Release|Any CPU
		{34080189-0BB1-442F-8B27-8D6EE9B93A0F}.Debug|Any CPU.ActiveCfg = Debug|Any CPU
		{34080189-0BB1-442F-8B27-8D6EE9B93A0F}.Debug|Any CPU.Build.0 = Debug|Any CPU
		{34080189-0BB1-442F-8B27-8D6EE9B93A0F}.Release|Any CPU.ActiveCfg = Release|Any CPU
		{34080189-0BB1-442F-8B27-8D6EE9B93A0F}.Release|Any CPU.Build.0 = Release|Any CPU
		{C7890DF6-896D-499C-845A-811D5F4DE47B}.Debug|Any CPU.ActiveCfg = Debug|Any CPU
		{C7890DF6-896D-499C-845A-811D5F4DE47B}.Debug|Any CPU.Build.0 = Debug|Any CPU
		{C7890DF6-896D-499C-845A-811D5F4DE47B}.Release|Any CPU.ActiveCfg = Release|Any CPU
		{C7890DF6-896D-499C-845A-811D5F4DE47B}.Release|Any CPU.Build.0 = Release|Any CPU
		{AB174A06-3E52-4FEE-B171-A18AE2E7785B}.Debug|Any CPU.ActiveCfg = Debug|Any CPU
		{AB174A06-3E52-4FEE-B171-A18AE2E7785B}.Debug|Any CPU.Build.0 = Debug|Any CPU
		{AB174A06-3E52-4FEE-B171-A18AE2E7785B}.Release|Any CPU.ActiveCfg = Release|Any CPU
		{AB174A06-3E52-4FEE-B171-A18AE2E7785B}.Release|Any CPU.Build.0 = Release|Any CPU
		{F0522502-0CD6-4AAC-AD78-ACC5A2F658AA}.Debug|Any CPU.ActiveCfg = Debug|Any CPU
		{F0522502-0CD6-4AAC-AD78-ACC5A2F658AA}.Debug|Any CPU.Build.0 = Debug|Any CPU
		{F0522502-0CD6-4AAC-AD78-ACC5A2F658AA}.Release|Any CPU.ActiveCfg = Release|Any CPU
		{F0522502-0CD6-4AAC-AD78-ACC5A2F658AA}.Release|Any CPU.Build.0 = Release|Any CPU
	EndGlobalSection
	GlobalSection(SolutionProperties) = preSolution
		HideSolutionNode = FALSE
	EndGlobalSection
	GlobalSection(NestedProjects) = preSolution
		{ED13511E-A344-4D15-A9C7-800093D434B2} = {C25D31E7-E2F0-4CEB-A5E6-E8DA2ABB0F74}
		{A4DE4579-21AE-453B-B9BC-F6F0FEF09788} = {ED13511E-A344-4D15-A9C7-800093D434B2}
		{34080189-0BB1-442F-8B27-8D6EE9B93A0F} = {287C70A5-7B29-430C-B5F5-55B529547F4D}
		{6E53603E-D7DD-492A-9229-5E18C9EB3655} = {C25D31E7-E2F0-4CEB-A5E6-E8DA2ABB0F74}
		{2024D9FE-61A4-4A19-BFE8-18391AE85BC5} = {C25D31E7-E2F0-4CEB-A5E6-E8DA2ABB0F74}
		{C5D0892E-2986-49C1-854F-D4F9C68EF6FD} = {C25D31E7-E2F0-4CEB-A5E6-E8DA2ABB0F74}
		{06607D3F-A80E-4B64-9B3C-1F6A75C4B662} = {C25D31E7-E2F0-4CEB-A5E6-E8DA2ABB0F74}
		{C7890DF6-896D-499C-845A-811D5F4DE47B} = {06607D3F-A80E-4B64-9B3C-1F6A75C4B662}
		{AB174A06-3E52-4FEE-B171-A18AE2E7785B} = {2024D9FE-61A4-4A19-BFE8-18391AE85BC5}
		{F0522502-0CD6-4AAC-AD78-ACC5A2F658AA} = {6E53603E-D7DD-492A-9229-5E18C9EB3655}
	EndGlobalSection
	GlobalSection(ExtensibilityGlobals) = postSolution
		SolutionGuid = {756DA25A-1A16-466C-A52B-BD4ECE7F58DD}
	EndGlobalSection
EndGlobal
